{
  "name": "hebrew-calendar-extension",
  "version": "0.0.2",
  "lockfileVersion": 1,
  "requires": true,
  "dependencies": {
    "gematriya": {
      "version": "1.0.1",
      "resolved": "https://registry.npmjs.org/gematriya/-/gematriya-1.0.1.tgz",
      "integrity": "sha1-D0WUmu5nIn0G3f/H4v6/SRSHbDk="
    },
    "hebcal": {
      "version": "2.2.6",
      "resolved": "https://registry.npmjs.org/hebcal/-/hebcal-2.2.6.tgz",
      "integrity": "sha1-0iUS9Q3Ll6SunBtXsOfldhS4Sds=",
      "requires": {
        "gematriya": "^1.0.1",
        "suncalc": "^1.8.0"
      }
    },
    "jquery": {
      "version": "3.3.1",
      "resolved": "https://registry.npmjs.org/jquery/-/jquery-3.3.1.tgz",
      "integrity": "sha1-lYzinoHJeQ8xvneS311NlfxX+8o="
    },
    "material-design-iconic-font": {
      "version": "2.2.0",
      "resolved": "https://registry.npmjs.org/material-design-iconic-font/-/material-design-iconic-font-2.2.0.tgz",
      "integrity": "sha1-ZsOxyIDvDLh8AsoqD5AP8P5/SA0="
    },
    "moment": {
      "version": "2.22.1",
      "resolved": "https://registry.npmjs.org/moment/-/moment-2.22.1.tgz",
      "integrity": "sha1-Upoum/lz8lnJZD0jf9qE3jom6K0="
    },
    "suncalc": {
      "version": "1.8.0",
      "resolved": "https://registry.npmjs.org/suncalc/-/suncalc-1.8.0.tgz",
      "integrity": "sha1-HZiYEJVjB4dQ9JlKlZ5lTYdqy/U="
    }
  }
}
